
Microsoft Visual Studio Solution File, Format Version 12.00
# Visual Studio Version 16
VisualStudioVersion = 16.0.810.23
MinimumVisualStudioVersion = 10.0.40219.1
Project("{FAE04EC0-301F-11D3-BF4B-00C04F79EFBC}") = "api", "api\api.csproj", "{2A093207-A9F4-497B-86C5-C1E693FEB0D9}"
EndProject
Project("{E53339B2-1760-4266-BCC7-CA923CBCF16C}") = "docker-compose", "docker-compose.dcproj", "{A8F8F81D-DC34-4D29-88C8-15C277F95463}"
EndProject
Global
	GlobalSection(SolutionConfigurationPlatforms) = preSolution
		Debug|Any CPU = Debug|Any CPU
		Release|Any CPU = Release|Any CPU
	EndGlobalSection
	GlobalSection(ProjectConfigurationPlatforms) = postSolution
		{2A093207-A9F4-497B-86C5-C1E693FEB0D9}.Debug|Any CPU.ActiveCfg = Debug|Any CPU
		{2A093207-A9F4-497B-86C5-C1E693FEB0D9}.Debug|Any CPU.Build.0 = Debug|Any CPU
		{2A093207-A9F4-497B-86C5-C1E693FEB0D9}.Release|Any CPU.ActiveCfg = Release|Any CPU
		{2A093207-A9F4-497B-86C5-C1E693FEB0D9}.Release|Any CPU.Build.0 = Release|Any CPU
		{A8F8F81D-DC34-4D29-88C8-15C277F95463}.Debug|Any CPU.ActiveCfg = Debug|Any CPU
		{A8F8F81D-DC34-4D29-88C8-15C277F95463}.Debug|Any CPU.Build.0 = Debug|Any CPU
		{A8F8F81D-DC34-4D29-88C8-15C277F95463}.Release|Any CPU.ActiveCfg = Release|Any CPU
		{A8F8F81D-DC34-4D29-88C8-15C277F95463}.Release|Any CPU.Build.0 = Release|Any CPU
	EndGlobalSection
	GlobalSection(SolutionProperties) = preSolution
		HideSolutionNode = FALSE
	EndGlobalSection
	GlobalSection(ExtensibilityGlobals) = postSolution
		SolutionGuid = {69F015CF-A358-4E27-8549-ED55D1A48694}
	EndGlobalSection
EndGlobal
